
Microsoft Visual Studio Solution File, Format Version 12.00
# Visual Studio 15
VisualStudioVersion = 15.0.26124.0
MinimumVisualStudioVersion = 15.0.26124.0
Project("{FAE04EC0-301F-11D3-BF4B-00C04F79EFBC}") = "Ymf825.Spi", "Ymf825.Spi\Ymf825.Spi.csproj", "{C0375B7D-F073-4FF8-903B-F01A8E66E634}"
EndProject
Project("{FAE04EC0-301F-11D3-BF4B-00C04F79EFBC}") = "examples", "examples\examples.csproj", "{6C55F295-656A-4477-88A1-39C3F7DCD27E}"
EndProject
Global
	GlobalSection(SolutionConfigurationPlatforms) = preSolution
		Debug|Any CPU = Debug|Any CPU
		Debug|x64 = Debug|x64
		Debug|x86 = Debug|x86
		Release|Any CPU = Release|Any CPU
		Release|x64 = Release|x64
		Release|x86 = Release|x86
	EndGlobalSection
	GlobalSection(SolutionProperties) = preSolution
		HideSolutionNode = FALSE
	EndGlobalSection
	GlobalSection(ProjectConfigurationPlatforms) = postSolution
		{C0375B7D-F073-4FF8-903B-F01A8E66E634}.Debug|Any CPU.ActiveCfg = Debug|Any CPU
		{C0375B7D-F073-4FF8-903B-F01A8E66E634}.Debug|Any CPU.Build.0 = Debug|Any CPU
		{C0375B7D-F073-4FF8-903B-F01A8E66E634}.Debug|x64.ActiveCfg = Debug|Any CPU
		{C0375B7D-F073-4FF8-903B-F01A8E66E634}.Debug|x64.Build.0 = Debug|Any CPU
		{C0375B7D-F073-4FF8-903B-F01A8E66E634}.Debug|x86.ActiveCfg = Debug|Any CPU
		{C0375B7D-F073-4FF8-903B-F01A8E66E634}.Debug|x86.Build.0 = Debug|Any CPU
		{C0375B7D-F073-4FF8-903B-F01A8E66E634}.Release|Any CPU.ActiveCfg = Release|Any CPU
		{C0375B7D-F073-4FF8-903B-F01A8E66E634}.Release|Any CPU.Build.0 = Release|Any CPU
		{C0375B7D-F073-4FF8-903B-F01A8E66E634}.Release|x64.ActiveCfg = Release|Any CPU
		{C0375B7D-F073-4FF8-903B-F01A8E66E634}.Release|x64.Build.0 = Release|Any CPU
		{C0375B7D-F073-4FF8-903B-F01A8E66E634}.Release|x86.ActiveCfg = Release|Any CPU
		{C0375B7D-F073-4FF8-903B-F01A8E66E634}.Release|x86.Build.0 = Release|Any CPU
		{6C55F295-656A-4477-88A1-39C3F7DCD27E}.Debug|Any CPU.ActiveCfg = Debug|Any CPU
		{6C55F295-656A-4477-88A1-39C3F7DCD27E}.Debug|Any CPU.Build.0 = Debug|Any CPU
		{6C55F295-656A-4477-88A1-39C3F7DCD27E}.Debug|x64.ActiveCfg = Debug|Any CPU
		{6C55F295-656A-4477-88A1-39C3F7DCD27E}.Debug|x64.Build.0 = Debug|Any CPU
		{6C55F295-656A-4477-88A1-39C3F7DCD27E}.Debug|x86.ActiveCfg = Debug|Any CPU
		{6C55F295-656A-4477-88A1-39C3F7DCD27E}.Debug|x86.Build.0 = Debug|Any CPU
		{6C55F295-656A-4477-88A1-39C3F7DCD27E}.Release|Any CPU.ActiveCfg = Release|Any CPU
		{6C55F295-656A-4477-88A1-39C3F7DCD27E}.Release|Any CPU.Build.0 = Release|Any CPU
		{6C55F295-656A-4477-88A1-39C3F7DCD27E}.Release|x64.ActiveCfg = Release|Any CPU
		{6C55F295-656A-4477-88A1-39C3F7DCD27E}.Release|x64.Build.0 = Release|Any CPU
		{6C55F295-656A-4477-88A1-39C3F7DCD27E}.Release|x86.ActiveCfg = Release|Any CPU
		{6C55F295-656A-4477-88A1-39C3F7DCD27E}.Release|x86.Build.0 = Release|Any CPU
	EndGlobalSection
EndGlobal
